
Microsoft Visual Studio Solution File, Format Version 12.00
# Visual Studio 15
VisualStudioVersion = 15.0.26124.0
MinimumVisualStudioVersion = 15.0.26124.0
Project("{FAE04EC0-301F-11D3-BF4B-00C04F79EFBC}") = "TeaRecallManager", "TeaRecallManager.csproj", "{F4B9C250-9B97-44C6-A288-E9E30950A323}"
EndProject
Project("{FAE04EC0-301F-11D3-BF4B-00C04F79EFBC}") = "TeaRecallManager.Tests", "Tests\TeaRecallManager.Tests.csproj", "{B4A55BD4-31DF-4650-B284-FF61FE4596EB}"
EndProject
Project("{FAE04EC0-301F-11D3-BF4B-00C04F79EFBC}") = "TeaRecallManager.Core", "TeaRecallManager.Core\TeaRecallManager.Core.csproj", "{2AF3E871-2C77-40CB-9F42-EB9D695083EB}"
EndProject
Global
	GlobalSection(SolutionConfigurationPlatforms) = preSolution
		Debug|Any CPU = Debug|Any CPU
		Debug|x64 = Debug|x64
		Debug|x86 = Debug|x86
		Release|Any CPU = Release|Any CPU
		Release|x64 = Release|x64
		Release|x86 = Release|x86
	EndGlobalSection
	GlobalSection(SolutionProperties) = preSolution
		HideSolutionNode = FALSE
	EndGlobalSection
	GlobalSection(ProjectConfigurationPlatforms) = postSolution
		{F4B9C250-9B97-44C6-A288-E9E30950A323}.Debug|Any CPU.ActiveCfg = Debug|Any CPU
		{F4B9C250-9B97-44C6-A288-E9E30950A323}.Debug|Any CPU.Build.0 = Debug|Any CPU
		{F4B9C250-9B97-44C6-A288-E9E30950A323}.Debug|x64.ActiveCfg = Debug|Any CPU
		{F4B9C250-9B97-44C6-A288-E9E30950A323}.Debug|x64.Build.0 = Debug|Any CPU
		{F4B9C250-9B97-44C6-A288-E9E30950A323}.Debug|x86.ActiveCfg = Debug|Any CPU
		{F4B9C250-9B97-44C6-A288-E9E30950A323}.Debug|x86.Build.0 = Debug|Any CPU
		{F4B9C250-9B97-44C6-A288-E9E30950A323}.Release|Any CPU.ActiveCfg = Release|Any CPU
		{F4B9C250-9B97-44C6-A288-E9E30950A323}.Release|Any CPU.Build.0 = Release|Any CPU
		{F4B9C250-9B97-44C6-A288-E9E30950A323}.Release|x64.ActiveCfg = Release|Any CPU
		{F4B9C250-9B97-44C6-A288-E9E30950A323}.Release|x64.Build.0 = Release|Any CPU
		{F4B9C250-9B97-44C6-A288-E9E30950A323}.Release|x86.ActiveCfg = Release|Any CPU
		{F4B9C250-9B97-44C6-A288-E9E30950A323}.Release|x86.Build.0 = Release|Any CPU
		{B4A55BD4-31DF-4650-B284-FF61FE4596EB}.Debug|Any CPU.ActiveCfg = Debug|Any CPU
		{B4A55BD4-31DF-4650-B284-FF61FE4596EB}.Debug|Any CPU.Build.0 = Debug|Any CPU
		{B4A55BD4-31DF-4650-B284-FF61FE4596EB}.Debug|x64.ActiveCfg = Debug|Any CPU
		{B4A55BD4-31DF-4650-B284-FF61FE4596EB}.Debug|x64.Build.0 = Debug|Any CPU
		{B4A55BD4-31DF-4650-B284-FF61FE4596EB}.Debug|x86.ActiveCfg = Debug|Any CPU
		{B4A55BD4-31DF-4650-B284-FF61FE4596EB}.Debug|x86.Build.0 = Debug|Any CPU
		{B4A55BD4-31DF-4650-B284-FF61FE4596EB}.Release|Any CPU.ActiveCfg = Release|Any CPU
		{B4A55BD4-31DF-4650-B284-FF61FE4596EB}.Release|Any CPU.Build.0 = Release|Any CPU
		{B4A55BD4-31DF-4650-B284-FF61FE4596EB}.Release|x64.ActiveCfg = Release|Any CPU
		{B4A55BD4-31DF-4650-B284-FF61FE4596EB}.Release|x64.Build.0 = Release|Any CPU
		{B4A55BD4-31DF-4650-B284-FF61FE4596EB}.Release|x86.ActiveCfg = Release|Any CPU
		{B4A55BD4-31DF-4650-B284-FF61FE4596EB}.Release|x86.Build.0 = Release|Any CPU
		{2AF3E871-2C77-40CB-9F42-EB9D695083EB}.Debug|Any CPU.ActiveCfg = Debug|Any CPU
		{2AF3E871-2C77-40CB-9F42-EB9D695083EB}.Debug|Any CPU.Build.0 = Debug|Any CPU
		{2AF3E871-2C77-40CB-9F42-EB9D695083EB}.Debug|x64.ActiveCfg = Debug|Any CPU
		{2AF3E871-2C77-40CB-9F42-EB9D695083EB}.Debug|x64.Build.0 = Debug|Any CPU
		{2AF3E871-2C77-40CB-9F42-EB9D695083EB}.Debug|x86.ActiveCfg = Debug|Any CPU
		{2AF3E871-2C77-40CB-9F42-EB9D695083EB}.Debug|x86.Build.0 = Debug|Any CPU
		{2AF3E871-2C77-40CB-9F42-EB9D695083EB}.Release|Any CPU.ActiveCfg = Release|Any CPU
		{2AF3E871-2C77-40CB-9F42-EB9D695083EB}.Release|Any CPU.Build.0 = Release|Any CPU
		{2AF3E871-2C77-40CB-9F42-EB9D695083EB}.Release|x64.ActiveCfg = Release|Any CPU
		{2AF3E871-2C77-40CB-9F42-EB9D695083EB}.Release|x64.Build.0 = Release|Any CPU
		{2AF3E871-2C77-40CB-9F42-EB9D695083EB}.Release|x86.ActiveCfg = Release|Any CPU
		{2AF3E871-2C77-40CB-9F42-EB9D695083EB}.Release|x86.Build.0 = Release|Any CPU
	EndGlobalSection
EndGlobal
